
Microsoft Visual Studio Solution File, Format Version 12.00
# Visual Studio 15
VisualStudioVersion = 15.0.28307.757
MinimumVisualStudioVersion = 10.0.40219.1
Project("{9A19103F-16F7-4668-BE54-9A1E7A4F7556}") = "App", "App\App.csproj", "{9BAC69F4-0FDB-4F07-B5A0-707DFB01660D}"
EndProject
Project("{2150E333-8FDC-42A3-9474-1A3956D46DE8}") = "App.Services", "App.Services", "{E1EAD49A-7F7F-4635-A301-5577E66DE8F9}"
EndProject
Project("{9A19103F-16F7-4668-BE54-9A1E7A4F7556}") = "App.Services.Test1", "App.Services\App.Services.Test1\App.Services.Test1.csproj", "{D427D23F-D4E3-4BD1-B71A-1D4764D5B58C}"
EndProject
Project("{FAE04EC0-301F-11D3-BF4B-00C04F79EFBC}") = "App.Services.Files", "App.Services\App.Services.Files\App.Services.Files.csproj", "{AF1744EA-3C64-4D8A-ADB8-C94D4C40DCF8}"
EndProject
Project("{FAE04EC0-301F-11D3-BF4B-00C04F79EFBC}") = "App.Base", "App.Base\App.Base.csproj", "{3DB62BB0-B39F-4722-B5C9-0DF8F8B6F5FB}"
EndProject
Global
	GlobalSection(SolutionConfigurationPlatforms) = preSolution
		Debug|Any CPU = Debug|Any CPU
		Release|Any CPU = Release|Any CPU
	EndGlobalSection
	GlobalSection(ProjectConfigurationPlatforms) = postSolution
		{9BAC69F4-0FDB-4F07-B5A0-707DFB01660D}.Debug|Any CPU.ActiveCfg = Debug|Any CPU
		{9BAC69F4-0FDB-4F07-B5A0-707DFB01660D}.Debug|Any CPU.Build.0 = Debug|Any CPU
		{9BAC69F4-0FDB-4F07-B5A0-707DFB01660D}.Release|Any CPU.ActiveCfg = Release|Any CPU
		{9BAC69F4-0FDB-4F07-B5A0-707DFB01660D}.Release|Any CPU.Build.0 = Release|Any CPU
		{D427D23F-D4E3-4BD1-B71A-1D4764D5B58C}.Debug|Any CPU.ActiveCfg = Debug|Any CPU
		{D427D23F-D4E3-4BD1-B71A-1D4764D5B58C}.Debug|Any CPU.Build.0 = Debug|Any CPU
		{D427D23F-D4E3-4BD1-B71A-1D4764D5B58C}.Release|Any CPU.ActiveCfg = Release|Any CPU
		{D427D23F-D4E3-4BD1-B71A-1D4764D5B58C}.Release|Any CPU.Build.0 = Release|Any CPU
		{AF1744EA-3C64-4D8A-ADB8-C94D4C40DCF8}.Debug|Any CPU.ActiveCfg = Debug|Any CPU
		{AF1744EA-3C64-4D8A-ADB8-C94D4C40DCF8}.Debug|Any CPU.Build.0 = Debug|Any CPU
		{AF1744EA-3C64-4D8A-ADB8-C94D4C40DCF8}.Release|Any CPU.ActiveCfg = Release|Any CPU
		{AF1744EA-3C64-4D8A-ADB8-C94D4C40DCF8}.Release|Any CPU.Build.0 = Release|Any CPU
		{3DB62BB0-B39F-4722-B5C9-0DF8F8B6F5FB}.Debug|Any CPU.ActiveCfg = Debug|Any CPU
		{3DB62BB0-B39F-4722-B5C9-0DF8F8B6F5FB}.Debug|Any CPU.Build.0 = Debug|Any CPU
		{3DB62BB0-B39F-4722-B5C9-0DF8F8B6F5FB}.Release|Any CPU.ActiveCfg = Release|Any CPU
		{3DB62BB0-B39F-4722-B5C9-0DF8F8B6F5FB}.Release|Any CPU.Build.0 = Release|Any CPU
	EndGlobalSection
	GlobalSection(SolutionProperties) = preSolution
		HideSolutionNode = FALSE
	EndGlobalSection
	GlobalSection(NestedProjects) = preSolution
		{D427D23F-D4E3-4BD1-B71A-1D4764D5B58C} = {E1EAD49A-7F7F-4635-A301-5577E66DE8F9}
		{AF1744EA-3C64-4D8A-ADB8-C94D4C40DCF8} = {E1EAD49A-7F7F-4635-A301-5577E66DE8F9}
	EndGlobalSection
	GlobalSection(ExtensibilityGlobals) = postSolution
		SolutionGuid = {149E46E3-D83E-42EB-9AB1-42FD81807A9A}
	EndGlobalSection
EndGlobal
